// !$*UTF8*$!
{
	archiveVersion = 1;
	classes = {
	};
	objectVersion = 56;
	objects = {

/* Begin PBXBuildFile section */
		CED0B7A52B33E13300BDBDAE /* CircleImage.swift in Sources */ = {isa = PBXBuildFile; fileRef = CED0B7A42B33E13300BDBDAE /* CircleImage.swift */; };
		CED0B7A72B33E1C900BDBDAE /* MapView.swift in Sources */ = {isa = PBXBuildFile; fileRef = CED0B7A62B33E1C900BDBDAE /* MapView.swift */; };
		CED0B7A92B34C6F600BDBDAE /* landmarkData.json in Resources */ = {isa = PBXBuildFile; fileRef = CED0B7A82B34C6F600BDBDAE /* landmarkData.json */; };
		CED0B7AB2B34C75000BDBDAE /* Landmark.swift in Sources */ = {isa = PBXBuildFile; fileRef = CED0B7AA2B34C75000BDBDAE /* Landmark.swift */; };
		CED0B7AD2B34CABC00BDBDAE /* ModelData.swift in Sources */ = {isa = PBXBuildFile; fileRef = CED0B7AC2B34CABC00BDBDAE /* ModelData.swift */; };
		CED0B7B12B34EB6600BDBDAE /* LandmarkRow.swift in Sources */ = {isa = PBXBuildFile; fileRef = CED0B7B02B34EB6600BDBDAE /* LandmarkRow.swift */; };
		CED0B7B32B34EC8800BDBDAE /* LandmarkList.swift in Sources */ = {isa = PBXBuildFile; fileRef = CED0B7B22B34EC8800BDBDAE /* LandmarkList.swift */; };
		CED0B7B52B36333400BDBDAE /* LandmarkDetail.swift in Sources */ = {isa = PBXBuildFile; fileRef = CED0B7B42B36333400BDBDAE /* LandmarkDetail.swift */; };
		CED0B7B72B366DEC00BDBDAE /* FavoriteButton.swift in Sources */ = {isa = PBXBuildFile; fileRef = CED0B7B62B366DEC00BDBDAE /* FavoriteButton.swift */; };
		CED0B7BC2B36797900BDBDAE /* HexagonParameters.swift in Sources */ = {isa = PBXBuildFile; fileRef = CED0B7BB2B36797900BDBDAE /* HexagonParameters.swift */; };
		CED0B7BE2B367AE000BDBDAE /* BadgeBackground.swift in Sources */ = {isa = PBXBuildFile; fileRef = CED0B7BD2B367AE000BDBDAE /* BadgeBackground.swift */; };
		CED0B7C02B36871600BDBDAE /* BadgeSymbol.swift in Sources */ = {isa = PBXBuildFile; fileRef = CED0B7BF2B36871600BDBDAE /* BadgeSymbol.swift */; };
		CED0B7C22B3687C300BDBDAE /* RotatedBadgeSymbol.swift in Sources */ = {isa = PBXBuildFile; fileRef = CED0B7C12B3687C300BDBDAE /* RotatedBadgeSymbol.swift */; };
		CED0B7C42B36889D00BDBDAE /* Badge.swift in Sources */ = {isa = PBXBuildFile; fileRef = CED0B7C32B36889D00BDBDAE /* Badge.swift */; };
		CED0B7C72B368B9400BDBDAE /* hikeData.json in Resources */ = {isa = PBXBuildFile; fileRef = CED0B7C62B368B9400BDBDAE /* hikeData.json */; };
		CED0B7C92B368BBC00BDBDAE /* Hike.swift in Sources */ = {isa = PBXBuildFile; fileRef = CED0B7C82B368BBC00BDBDAE /* Hike.swift */; };
		CED0B7CF2B368C9C00BDBDAE /* GraphCapsule.swift in Sources */ = {isa = PBXBuildFile; fileRef = CED0B7CB2B368C9C00BDBDAE /* GraphCapsule.swift */; };
		CED0B7D02B368C9C00BDBDAE /* HikeGraph.swift in Sources */ = {isa = PBXBuildFile; fileRef = CED0B7CC2B368C9C00BDBDAE /* HikeGraph.swift */; };
		CED0B7D12B368C9C00BDBDAE /* HikeDetail.swift in Sources */ = {isa = PBXBuildFile; fileRef = CED0B7CD2B368C9C00BDBDAE /* HikeDetail.swift */; };
		CED0B7D22B368C9C00BDBDAE /* HikeView.swift in Sources */ = {isa = PBXBuildFile; fileRef = CED0B7CE2B368C9C00BDBDAE /* HikeView.swift */; };
		CED0B7D42B37415000BDBDAE /* CategoryHome.swift in Sources */ = {isa = PBXBuildFile; fileRef = CED0B7D32B37415000BDBDAE /* CategoryHome.swift */; };
		CEF649372B33C77800D06F08 /* LandmarksApp.swift in Sources */ = {isa = PBXBuildFile; fileRef = CEF649362B33C77800D06F08 /* LandmarksApp.swift */; };
		CEF649392B33C77800D06F08 /* ContentView.swift in Sources */ = {isa = PBXBuildFile; fileRef = CEF649382B33C77800D06F08 /* ContentView.swift */; };
		CEF6493B2B33C77800D06F08 /* Item.swift in Sources */ = {isa = PBXBuildFile; fileRef = CEF6493A2B33C77800D06F08 /* Item.swift */; };
		CEF6493D2B33C77900D06F08 /* Assets.xcassets in Resources */ = {isa = PBXBuildFile; fileRef = CEF6493C2B33C77900D06F08 /* Assets.xcassets */; };
		CEF649402B33C77900D06F08 /* Preview Assets.xcassets in Resources */ = {isa = PBXBuildFile; fileRef = CEF6493F2B33C77900D06F08 /* Preview Assets.xcassets */; };
		CEF6494C2B33C77900D06F08 /* LandmarksTests.swift in Sources */ = {isa = PBXBuildFile; fileRef = CEF6494B2B33C77900D06F08 /* LandmarksTests.swift */; };
		CEF649562B33C77900D06F08 /* LandmarksUITests.swift in Sources */ = {isa = PBXBuildFile; fileRef = CEF649552B33C77900D06F08 /* LandmarksUITests.swift */; };
		CEF649582B33C77900D06F08 /* LandmarksUITestsLaunchTests.swift in Sources */ = {isa = PBXBuildFile; fileRef = CEF649572B33C77900D06F08 /* LandmarksUITestsLaunchTests.swift */; };
/* End PBXBuildFile section */

/* Begin PBXContainerItemProxy section */
		CEF649482B33C77900D06F08 /* PBXContainerItemProxy */ = {
			isa = PBXContainerItemProxy;
			containerPortal = CEF6492B2B33C77800D06F08 /* Project object */;
			proxyType = 1;
			remoteGlobalIDString = CEF649322B33C77800D06F08;
			remoteInfo = Landmarks;
		};
		CEF649522B33C77900D06F08 /* PBXContainerItemProxy */ = {
			isa = PBXContainerItemProxy;
			containerPortal = CEF6492B2B33C77800D06F08 /* Project object */;
			proxyType = 1;
			remoteGlobalIDString = CEF649322B33C77800D06F08;
			remoteInfo = Landmarks;
		};
/* End PBXContainerItemProxy section */

/* Begin PBXFileReference section */
		CED0B7A42B33E13300BDBDAE /* CircleImage.swift */ = {isa = PBXFileReference; lastKnownFileType = sourcecode.swift; path = CircleImage.swift; sourceTree = "<group>"; };
		CED0B7A62B33E1C900BDBDAE /* MapView.swift */ = {isa = PBXFileReference; lastKnownFileType = sourcecode.swift; path = MapView.swift; sourceTree = "<group>"; };
		CED0B7A82B34C6F600BDBDAE /* landmarkData.json */ = {isa = PBXFileReference; fileEncoding = 4; lastKnownFileType = text.json; path = landmarkData.json; sourceTree = "<group>"; };
		CED0B7AA2B34C75000BDBDAE /* Landmark.swift */ = {isa = PBXFileReference; lastKnownFileType = sourcecode.swift; path = Landmark.swift; sourceTree = "<group>"; };
		CED0B7AC2B34CABC00BDBDAE /* ModelData.swift */ = {isa = PBXFileReference; lastKnownFileType = sourcecode.swift; path = ModelData.swift; sourceTree = "<group>"; };
		CED0B7B02B34EB6600BDBDAE /* LandmarkRow.swift */ = {isa = PBXFileReference; lastKnownFileType = sourcecode.swift; path = LandmarkRow.swift; sourceTree = "<group>"; };
		CED0B7B22B34EC8800BDBDAE /* LandmarkList.swift */ = {isa = PBXFileReference; lastKnownFileType = sourcecode.swift; path = LandmarkList.swift; sourceTree = "<group>"; };
		CED0B7B42B36333400BDBDAE /* LandmarkDetail.swift */ = {isa = PBXFileReference; lastKnownFileType = sourcecode.swift; path = LandmarkDetail.swift; sourceTree = "<group>"; };
		CED0B7B62B366DEC00BDBDAE /* FavoriteButton.swift */ = {isa = PBXFileReference; lastKnownFileType = sourcecode.swift; path = FavoriteButton.swift; sourceTree = "<group>"; };
		CED0B7BB2B36797900BDBDAE /* HexagonParameters.swift */ = {isa = PBXFileReference; lastKnownFileType = sourcecode.swift; path = HexagonParameters.swift; sourceTree = "<group>"; };
		CED0B7BD2B367AE000BDBDAE /* BadgeBackground.swift */ = {isa = PBXFileReference; lastKnownFileType = sourcecode.swift; path = BadgeBackground.swift; sourceTree = "<group>"; };
		CED0B7BF2B36871600BDBDAE /* BadgeSymbol.swift */ = {isa = PBXFileReference; lastKnownFileType = sourcecode.swift; path = BadgeSymbol.swift; sourceTree = "<group>"; };
		CED0B7C12B3687C300BDBDAE /* RotatedBadgeSymbol.swift */ = {isa = PBXFileReference; lastKnownFileType = sourcecode.swift; path = RotatedBadgeSymbol.swift; sourceTree = "<group>"; };
		CED0B7C32B36889D00BDBDAE /* Badge.swift */ = {isa = PBXFileReference; lastKnownFileType = sourcecode.swift; path = Badge.swift; sourceTree = "<group>"; };
		CED0B7C62B368B9400BDBDAE /* hikeData.json */ = {isa = PBXFileReference; fileEncoding = 4; lastKnownFileType = text.json; path = hikeData.json; sourceTree = "<group>"; };
		CED0B7C82B368BBC00BDBDAE /* Hike.swift */ = {isa = PBXFileReference; lastKnownFileType = sourcecode.swift; path = Hike.swift; sourceTree = "<group>"; };
		CED0B7CB2B368C9C00BDBDAE /* GraphCapsule.swift */ = {isa = PBXFileReference; fileEncoding = 4; lastKnownFileType = sourcecode.swift; path = GraphCapsule.swift; sourceTree = "<group>"; };
		CED0B7CC2B368C9C00BDBDAE /* HikeGraph.swift */ = {isa = PBXFileReference; fileEncoding = 4; lastKnownFileType = sourcecode.swift; path = HikeGraph.swift; sourceTree = "<group>"; };
		CED0B7CD2B368C9C00BDBDAE /* HikeDetail.swift */ = {isa = PBXFileReference; fileEncoding = 4; lastKnownFileType = sourcecode.swift; path = HikeDetail.swift; sourceTree = "<group>"; };
		CED0B7CE2B368C9C00BDBDAE /* HikeView.swift */ = {isa = PBXFileReference; fileEncoding = 4; lastKnownFileType = sourcecode.swift; path = HikeView.swift; sourceTree = "<group>"; };
		CED0B7D32B37415000BDBDAE /* CategoryHome.swift */ = {isa = PBXFileReference; lastKnownFileType = sourcecode.swift; path = CategoryHome.swift; sourceTree = "<group>"; };
		CEF649332B33C77800D06F08 /* Landmarks.app */ = {isa = PBXFileReference; explicitFileType = wrapper.application; includeInIndex = 0; path = Landmarks.app; sourceTree = BUILT_PRODUCTS_DIR; };
		CEF649362B33C77800D06F08 /* LandmarksApp.swift */ = {isa = PBXFileReference; lastKnownFileType = sourcecode.swift; path = LandmarksApp.swift; sourceTree = "<group>"; };
		CEF649382B33C77800D06F08 /* ContentView.swift */ = {isa = PBXFileReference; lastKnownFileType = sourcecode.swift; path = ContentView.swift; sourceTree = "<group>"; };
		CEF6493A2B33C77800D06F08 /* Item.swift */ = {isa = PBXFileReference; lastKnownFileType = sourcecode.swift; path = Item.swift; sourceTree = "<group>"; };
		CEF6493C2B33C77900D06F08 /* Assets.xcassets */ = {isa = PBXFileReference; lastKnownFileType = folder.assetcatalog; path = Assets.xcassets; sourceTree = "<group>"; };
		CEF6493F2B33C77900D06F08 /* Preview Assets.xcassets */ = {isa = PBXFileReference; lastKnownFileType = folder.assetcatalog; path = "Preview Assets.xcassets"; sourceTree = "<group>"; };
		CEF649412B33C77900D06F08 /* Landmarks.entitlements */ = {isa = PBXFileReference; lastKnownFileType = text.plist.entitlements; path = Landmarks.entitlements; sourceTree = "<group>"; };
		CEF649422B33C77900D06F08 /* Info.plist */ = {isa = PBXFileReference; lastKnownFileType = text.plist.xml; path = Info.plist; sourceTree = "<group>"; };
		CEF649472B33C77900D06F08 /* LandmarksTests.xctest */ = {isa = PBXFileReference; explicitFileType = wrapper.cfbundle; includeInIndex = 0; path = LandmarksTests.xctest; sourceTree = BUILT_PRODUCTS_DIR; };
		CEF6494B2B33C77900D06F08 /* LandmarksTests.swift */ = {isa = PBXFileReference; lastKnownFileType = sourcecode.swift; path = LandmarksTests.swift; sourceTree = "<group>"; };
		CEF649512B33C77900D06F08 /* LandmarksUITests.xctest */ = {isa = PBXFileReference; explicitFileType = wrapper.cfbundle; includeInIndex = 0; path = LandmarksUITests.xctest; sourceTree = BUILT_PRODUCTS_DIR; };
		CEF649552B33C77900D06F08 /* LandmarksUITests.swift */ = {isa = PBXFileReference; lastKnownFileType = sourcecode.swift; path = LandmarksUITests.swift; sourceTree = "<group>"; };
		CEF649572B33C77900D06F08 /* LandmarksUITestsLaunchTests.swift */ = {isa = PBXFileReference; lastKnownFileType = sourcecode.swift; path = LandmarksUITestsLaunchTests.swift; sourceTree = "<group>"; };
/* End PBXFileReference section */

/* Begin PBXFrameworksBuildPhase section */
		CEF649302B33C77800D06F08 /* Frameworks */ = {
			isa = PBXFrameworksBuildPhase;
			buildActionMask = 2147483647;
			files = (
			);
			runOnlyForDeploymentPostprocessing = 0;
		};
		CEF649442B33C77900D06F08 /* Frameworks */ = {
			isa = PBXFrameworksBuildPhase;
			buildActionMask = 2147483647;
			files = (
			);
			runOnlyForDeploymentPostprocessing = 0;
		};
		CEF6494E2B33C77900D06F08 /* Frameworks */ = {
			isa = PBXFrameworksBuildPhase;
			buildActionMask = 2147483647;
			files = (
			);
			runOnlyForDeploymentPostprocessing = 0;
		};
/* End PBXFrameworksBuildPhase section */

/* Begin PBXGroup section */
		CED0B7AE2B34EAD700BDBDAE /* Views */ = {
			isa = PBXGroup;
			children = (
				CED0B7CA2B368C9C00BDBDAE /* Hikes */,
				CEF649382B33C77800D06F08 /* ContentView.swift */,
				CED0B7B92B366F4800BDBDAE /* Helpers */,
				CED0B7BA2B366F5300BDBDAE /* Landmarks */,
				CED0B7C52B368A1300BDBDAE /* Badges */,
			);
			path = Views;
			sourceTree = "<group>";
		};
		CED0B7AF2B34EAF200BDBDAE /* Model */ = {
			isa = PBXGroup;
			children = (
				CED0B7AA2B34C75000BDBDAE /* Landmark.swift */,
				CED0B7AC2B34CABC00BDBDAE /* ModelData.swift */,
				CED0B7C82B368BBC00BDBDAE /* Hike.swift */,
			);
			path = Model;
			sourceTree = "<group>";
		};
		CED0B7B92B366F4800BDBDAE /* Helpers */ = {
			isa = PBXGroup;
			children = (
				CED0B7A42B33E13300BDBDAE /* CircleImage.swift */,
				CED0B7A62B33E1C900BDBDAE /* MapView.swift */,
				CED0B7B62B366DEC00BDBDAE /* FavoriteButton.swift */,
			);
			path = Helpers;
			sourceTree = "<group>";
		};
		CED0B7BA2B366F5300BDBDAE /* Landmarks */ = {
			isa = PBXGroup;
			children = (
				CED0B7B02B34EB6600BDBDAE /* LandmarkRow.swift */,
				CED0B7B22B34EC8800BDBDAE /* LandmarkList.swift */,
				CED0B7B42B36333400BDBDAE /* LandmarkDetail.swift */,
			);
			path = Landmarks;
			sourceTree = "<group>";
		};
		CED0B7C52B368A1300BDBDAE /* Badges */ = {
			isa = PBXGroup;
			children = (
				CED0B7BB2B36797900BDBDAE /* HexagonParameters.swift */,
				CED0B7BD2B367AE000BDBDAE /* BadgeBackground.swift */,
				CED0B7BF2B36871600BDBDAE /* BadgeSymbol.swift */,
				CED0B7C12B3687C300BDBDAE /* RotatedBadgeSymbol.swift */,
				CED0B7C32B36889D00BDBDAE /* Badge.swift */,
			);
			path = Badges;
			sourceTree = "<group>";
		};
		CED0B7CA2B368C9C00BDBDAE /* Hikes */ = {
			isa = PBXGroup;
			children = (
				CED0B7CB2B368C9C00BDBDAE /* GraphCapsule.swift */,
				CED0B7CC2B368C9C00BDBDAE /* HikeGraph.swift */,
				CED0B7CD2B368C9C00BDBDAE /* HikeDetail.swift */,
				CED0B7CE2B368C9C00BDBDAE /* HikeView.swift */,
			);
			path = Hikes;
			sourceTree = "<group>";
		};
		CEF6492A2B33C77800D06F08 = {
			isa = PBXGroup;
			children = (
				CEF649352B33C77800D06F08 /* Landmarks */,
				CEF6494A2B33C77900D06F08 /* LandmarksTests */,
				CEF649542B33C77900D06F08 /* LandmarksUITests */,
				CEF649342B33C77800D06F08 /* Products */,
			);
			sourceTree = "<group>";
		};
		CEF649342B33C77800D06F08 /* Products */ = {
			isa = PBXGroup;
			children = (
				CEF649332B33C77800D06F08 /* Landmarks.app */,
				CEF649472B33C77900D06F08 /* LandmarksTests.xctest */,
				CEF649512B33C77900D06F08 /* LandmarksUITests.xctest */,
			);
			name = Products;
			sourceTree = "<group>";
		};
		CEF649352B33C77800D06F08 /* Landmarks */ = {
			isa = PBXGroup;
			children = (
				CED0B7A82B34C6F600BDBDAE /* landmarkData.json */,
				CED0B7C62B368B9400BDBDAE /* hikeData.json */,
				CEF649362B33C77800D06F08 /* LandmarksApp.swift */,
				CED0B7D32B37415000BDBDAE /* CategoryHome.swift */,
				CEF6493A2B33C77800D06F08 /* Item.swift */,
				CED0B7AE2B34EAD700BDBDAE /* Views */,
				CED0B7AF2B34EAF200BDBDAE /* Model */,
				CEF6493C2B33C77900D06F08 /* Assets.xcassets */,
				CEF649412B33C77900D06F08 /* Landmarks.entitlements */,
				CEF649422B33C77900D06F08 /* Info.plist */,
				CEF6493E2B33C77900D06F08 /* Preview Content */,
			);
			path = Landmarks;
			sourceTree = "<group>";
		};
		CEF6493E2B33C77900D06F08 /* Preview Content */ = {
			isa = PBXGroup;
			children = (
				CEF6493F2B33C77900D06F08 /* Preview Assets.xcassets */,
			);
			path = "Preview Content";
			sourceTree = "<group>";
		};
		CEF6494A2B33C77900D06F08 /* LandmarksTests */ = {
			isa = PBXGroup;
			children = (
				CEF6494B2B33C77900D06F08 /* LandmarksTests.swift */,
			);
			path = LandmarksTests;
			sourceTree = "<group>";
		};
		CEF649542B33C77900D06F08 /* LandmarksUITests */ = {
			isa = PBXGroup;
			children = (
				CEF649552B33C77900D06F08 /* LandmarksUITests.swift */,
				CEF649572B33C77900D06F08 /* LandmarksUITestsLaunchTests.swift */,
			);
			path = LandmarksUITests;
			sourceTree = "<group>";
		};
/* End PBXGroup section */

/* Begin PBXNativeTarget section */
		CEF649322B33C77800D06F08 /* Landmarks */ = {
			isa = PBXNativeTarget;
			buildConfigurationList = CEF6495B2B33C77900D06F08 /* Build configuration list for PBXNativeTarget "Landmarks" */;
			buildPhases = (
				CEF6492F2B33C77800D06F08 /* Sources */,
				CEF649302B33C77800D06F08 /* Frameworks */,
				CEF649312B33C77800D06F08 /* Resources */,
			);
			buildRules = (
			);
			dependencies = (
			);
			name = Landmarks;
			productName = Landmarks;
			productReference = CEF649332B33C77800D06F08 /* Landmarks.app */;
			productType = "com.apple.product-type.application";
		};
		CEF649462B33C77900D06F08 /* LandmarksTests */ = {
			isa = PBXNativeTarget;
			buildConfigurationList = CEF6495E2B33C77900D06F08 /* Build configuration list for PBXNativeTarget "LandmarksTests" */;
			buildPhases = (
				CEF649432B33C77900D06F08 /* Sources */,
				CEF649442B33C77900D06F08 /* Frameworks */,
				CEF649452B33C77900D06F08 /* Resources */,
			);
			buildRules = (
			);
			dependencies = (
				CEF649492B33C77900D06F08 /* PBXTargetDependency */,
			);
			name = LandmarksTests;
			productName = LandmarksTests;
			productReference = CEF649472B33C77900D06F08 /* LandmarksTests.xctest */;
			productType = "com.apple.product-type.bundle.unit-test";
		};
		CEF649502B33C77900D06F08 /* LandmarksUITests */ = {
			isa = PBXNativeTarget;
			buildConfigurationList = CEF649612B33C77900D06F08 /* Build configuration list for PBXNativeTarget "LandmarksUITests" */;
			buildPhases = (
				CEF6494D2B33C77900D06F08 /* Sources */,
				CEF6494E2B33C77900D06F08 /* Frameworks */,
				CEF6494F2B33C77900D06F08 /* Resources */,
			);
			buildRules = (
			);
			dependencies = (
				CEF649532B33C77900D06F08 /* PBXTargetDependency */,
			);
			name = LandmarksUITests;
			productName = LandmarksUITests;
			productReference = CEF649512B33C77900D06F08 /* LandmarksUITests.xctest */;
			productType = "com.apple.product-type.bundle.ui-testing";
		};
/* End PBXNativeTarget section */

/* Begin PBXProject section */
		CEF6492B2B33C77800D06F08 /* Project object */ = {
			isa = PBXProject;
			attributes = {
				BuildIndependentTargetsInParallel = 1;
				LastSwiftUpdateCheck = 1510;
				LastUpgradeCheck = 1510;
				TargetAttributes = {
					CEF649322B33C77800D06F08 = {
						CreatedOnToolsVersion = 15.1;
					};
					CEF649462B33C77900D06F08 = {
						CreatedOnToolsVersion = 15.1;
						TestTargetID = CEF649322B33C77800D06F08;
					};
					CEF649502B33C77900D06F08 = {
						CreatedOnToolsVersion = 15.1;
						TestTargetID = CEF649322B33C77800D06F08;
					};
				};
			};
			buildConfigurationList = CEF6492E2B33C77800D06F08 /* Build configuration list for PBXProject "Landmarks" */;
			compatibilityVersion = "Xcode 14.0";
			developmentRegion = en;
			hasScannedForEncodings = 0;
			knownRegions = (
				en,
				Base,
			);
			mainGroup = CEF6492A2B33C77800D06F08;
			productRefGroup = CEF649342B33C77800D06F08 /* Products */;
			projectDirPath = "";
			projectRoot = "";
			targets = (
				CEF649322B33C77800D06F08 /* Landmarks */,
				CEF649462B33C77900D06F08 /* LandmarksTests */,
				CEF649502B33C77900D06F08 /* LandmarksUITests */,
			);
		};
/* End PBXProject section */

/* Begin PBXResourcesBuildPhase section */
		CEF649312B33C77800D06F08 /* Resources */ = {
			isa = PBXResourcesBuildPhase;
			buildActionMask = 2147483647;
			files = (
				CED0B7C72B368B9400BDBDAE /* hikeData.json in Resources */,
				CEF649402B33C77900D06F08 /* Preview Assets.xcassets in Resources */,
				CEF6493D2B33C77900D06F08 /* Assets.xcassets in Resources */,
				CED0B7A92B34C6F600BDBDAE /* landmarkData.json in Resources */,
			);
			runOnlyForDeploymentPostprocessing = 0;
		};
		CEF649452B33C77900D06F08 /* Resources */ = {
			isa = PBXResourcesBuildPhase;
			buildActionMask = 2147483647;
			files = (
			);
			runOnlyForDeploymentPostprocessing = 0;
		};
		CEF6494F2B33C77900D06F08 /* Resources */ = {
			isa = PBXResourcesBuildPhase;
			buildActionMask = 2147483647;
			files = (
			);
			runOnlyForDeploymentPostprocessing = 0;
		};
/* End PBXResourcesBuildPhase section */

/* Begin PBXSourcesBuildPhase section */
		CEF6492F2B33C77800D06F08 /* Sources */ = {
			isa = PBXSourcesBuildPhase;
			buildActionMask = 2147483647;
			files = (
				CED0B7C92B368BBC00BDBDAE /* Hike.swift in Sources */,
				CED0B7BC2B36797900BDBDAE /* HexagonParameters.swift in Sources */,
				CEF649392B33C77800D06F08 /* ContentView.swift in Sources */,
				CED0B7A52B33E13300BDBDAE /* CircleImage.swift in Sources */,
				CED0B7D42B37415000BDBDAE /* CategoryHome.swift in Sources */,
				CED0B7D02B368C9C00BDBDAE /* HikeGraph.swift in Sources */,
				CED0B7A72B33E1C900BDBDAE /* MapView.swift in Sources */,
				CEF6493B2B33C77800D06F08 /* Item.swift in Sources */,
				CED0B7B32B34EC8800BDBDAE /* LandmarkList.swift in Sources */,
				CEF649372B33C77800D06F08 /* LandmarksApp.swift in Sources */,
				CED0B7AB2B34C75000BDBDAE /* Landmark.swift in Sources */,
				CED0B7C22B3687C300BDBDAE /* RotatedBadgeSymbol.swift in Sources */,
				CED0B7C42B36889D00BDBDAE /* Badge.swift in Sources */,
				CED0B7C02B36871600BDBDAE /* BadgeSymbol.swift in Sources */,
				CED0B7BE2B367AE000BDBDAE /* BadgeBackground.swift in Sources */,
				CED0B7B12B34EB6600BDBDAE /* LandmarkRow.swift in Sources */,
				CED0B7CF2B368C9C00BDBDAE /* GraphCapsule.swift in Sources */,
				CED0B7D22B368C9C00BDBDAE /* HikeView.swift in Sources */,
				CED0B7B52B36333400BDBDAE /* LandmarkDetail.swift in Sources */,
				CED0B7B72B366DEC00BDBDAE /* FavoriteButton.swift in Sources */,
				CED0B7AD2B34CABC00BDBDAE /* ModelData.swift in Sources */,
				CED0B7D12B368C9C00BDBDAE /* HikeDetail.swift in Sources */,
			);
			runOnlyForDeploymentPostprocessing = 0;
		};
		CEF649432B33C77900D06F08 /* Sources */ = {
			isa = PBXSourcesBuildPhase;
			buildActionMask = 2147483647;
			files = (
				CEF6494C2B33C77900D06F08 /* LandmarksTests.swift in Sources */,
			);
			runOnlyForDeploymentPostprocessing = 0;
		};
		CEF6494D2B33C77900D06F08 /* Sources */ = {
			isa = PBXSourcesBuildPhase;
			buildActionMask = 2147483647;
			files = (
				CEF649582B33C77900D06F08 /* LandmarksUITestsLaunchTests.swift in Sources */,
				CEF649562B33C77900D06F08 /* LandmarksUITests.swift in Sources */,
			);
			runOnlyForDeploymentPostprocessing = 0;
		};
/* End PBXSourcesBuildPhase section */

/* Begin PBXTargetDependency section */
		CEF649492B33C77900D06F08 /* PBXTargetDependency */ = {
			isa = PBXTargetDependency;
			target = CEF649322B33C77800D06F08 /* Landmarks */;
			targetProxy = CEF649482B33C77900D06F08 /* PBXContainerItemProxy */;
		};
		CEF649532B33C77900D06F08 /* PBXTargetDependency */ = {
			isa = PBXTargetDependency;
			target = CEF649322B33C77800D06F08 /* Landmarks */;
			targetProxy = CEF649522B33C77900D06F08 /* PBXContainerItemProxy */;
		};
/* End PBXTargetDependency section */

/* Begin XCBuildConfiguration section */
		CEF649592B33C77900D06F08 /* Debug */ = {
			isa = XCBuildConfiguration;
			buildSettings = {
				ALWAYS_SEARCH_USER_PATHS = NO;
				ASSETCATALOG_COMPILER_GENERATE_SWIFT_ASSET_SYMBOL_EXTENSIONS = YES;
				CLANG_ANALYZER_NONNULL = YES;
				CLANG_ANALYZER_NUMBER_OBJECT_CONVERSION = YES_AGGRESSIVE;
				CLANG_CXX_LANGUAGE_STANDARD = "gnu++20";
				CLANG_ENABLE_MODULES = YES;
				CLANG_ENABLE_OBJC_ARC = YES;
				CLANG_ENABLE_OBJC_WEAK = YES;
				CLANG_WARN_BLOCK_CAPTURE_AUTORELEASING = YES;
				CLANG_WARN_BOOL_CONVERSION = YES;
				CLANG_WARN_COMMA = YES;
				CLANG_WARN_CONSTANT_CONVERSION = YES;
				CLANG_WARN_DEPRECATED_OBJC_IMPLEMENTATIONS = YES;
				CLANG_WARN_DIRECT_OBJC_ISA_USAGE = YES_ERROR;
				CLANG_WARN_DOCUMENTATION_COMMENTS = YES;
				CLANG_WARN_EMPTY_BODY = YES;
				CLANG_WARN_ENUM_CONVERSION = YES;
				CLANG_WARN_INFINITE_RECURSION = YES;
				CLANG_WARN_INT_CONVERSION = YES;
				CLANG_WARN_NON_LITERAL_NULL_CONVERSION = YES;
				CLANG_WARN_OBJC_IMPLICIT_RETAIN_SELF = YES;
				CLANG_WARN_OBJC_LITERAL_CONVERSION = YES;
				CLANG_WARN_OBJC_ROOT_CLASS = YES_ERROR;
				CLANG_WARN_QUOTED_INCLUDE_IN_FRAMEWORK_HEADER = YES;
				CLANG_WARN_RANGE_LOOP_ANALYSIS = YES;
				CLANG_WARN_STRICT_PROTOTYPES = YES;
				CLANG_WARN_SUSPICIOUS_MOVE = YES;
				CLANG_WARN_UNGUARDED_AVAILABILITY = YES_AGGRESSIVE;
				CLANG_WARN_UNREACHABLE_CODE = YES;
				CLANG_WARN__DUPLICATE_METHOD_MATCH = YES;
				COPY_PHASE_STRIP = NO;
				DEBUG_INFORMATION_FORMAT = dwarf;
				ENABLE_STRICT_OBJC_MSGSEND = YES;
				ENABLE_TESTABILITY = YES;
				ENABLE_USER_SCRIPT_SANDBOXING = YES;
				GCC_C_LANGUAGE_STANDARD = gnu17;
				GCC_DYNAMIC_NO_PIC = NO;
				GCC_NO_COMMON_BLOCKS = YES;
				GCC_OPTIMIZATION_LEVEL = 0;
				GCC_PREPROCESSOR_DEFINITIONS = (
					"DEBUG=1",
					"$(inherited)",
				);
				GCC_WARN_64_TO_32_BIT_CONVERSION = YES;
				GCC_WARN_ABOUT_RETURN_TYPE = YES_ERROR;
				GCC_WARN_UNDECLARED_SELECTOR = YES;
				GCC_WARN_UNINITIALIZED_AUTOS = YES_AGGRESSIVE;
				GCC_WARN_UNUSED_FUNCTION = YES;
				GCC_WARN_UNUSED_VARIABLE = YES;
				IPHONEOS_DEPLOYMENT_TARGET = 17.2;
				LOCALIZATION_PREFERS_STRING_CATALOGS = YES;
				MTL_ENABLE_DEBUG_INFO = INCLUDE_SOURCE;
				MTL_FAST_MATH = YES;
				ONLY_ACTIVE_ARCH = YES;
				SDKROOT = iphoneos;
				SWIFT_ACTIVE_COMPILATION_CONDITIONS = "DEBUG $(inherited)";
				SWIFT_OPTIMIZATION_LEVEL = "-Onone";
			};
			name = Debug;
		};
		CEF6495A2B33C77900D06F08 /* Release */ = {
			isa = XCBuildConfiguration;
			buildSettings = {
				ALWAYS_SEARCH_USER_PATHS = NO;
				ASSETCATALOG_COMPILER_GENERATE_SWIFT_ASSET_SYMBOL_EXTENSIONS = YES;
				CLANG_ANALYZER_NONNULL = YES;
				CLANG_ANALYZER_NUMBER_OBJECT_CONVERSION = YES_AGGRESSIVE;
				CLANG_CXX_LANGUAGE_STANDARD = "gnu++20";
				CLANG_ENABLE_MODULES = YES;
				CLANG_ENABLE_OBJC_ARC = YES;
				CLANG_ENABLE_OBJC_WEAK = YES;
				CLANG_WARN_BLOCK_CAPTURE_AUTORELEASING = YES;
				CLANG_WARN_BOOL_CONVERSION = YES;
				CLANG_WARN_COMMA = YES;
				CLANG_WARN_CONSTANT_CONVERSION = YES;
				CLANG_WARN_DEPRECATED_OBJC_IMPLEMENTATIONS = YES;
				CLANG_WARN_DIRECT_OBJC_ISA_USAGE = YES_ERROR;
				CLANG_WARN_DOCUMENTATION_COMMENTS = YES;
				CLANG_WARN_EMPTY_BODY = YES;
				CLANG_WARN_ENUM_CONVERSION = YES;
				CLANG_WARN_INFINITE_RECURSION = YES;
				CLANG_WARN_INT_CONVERSION = YES;
				CLANG_WARN_NON_LITERAL_NULL_CONVERSION = YES;
				CLANG_WARN_OBJC_IMPLICIT_RETAIN_SELF = YES;
				CLANG_WARN_OBJC_LITERAL_CONVERSION = YES;
				CLANG_WARN_OBJC_ROOT_CLASS = YES_ERROR;
				CLANG_WARN_QUOTED_INCLUDE_IN_FRAMEWORK_HEADER = YES;
				CLANG_WARN_RANGE_LOOP_ANALYSIS = YES;
				CLANG_WARN_STRICT_PROTOTYPES = YES;
				CLANG_WARN_SUSPICIOUS_MOVE = YES;
				CLANG_WARN_UNGUARDED_AVAILABILITY = YES_AGGRESSIVE;
				CLANG_WARN_UNREACHABLE_CODE = YES;
				CLANG_WARN__DUPLICATE_METHOD_MATCH = YES;
				COPY_PHASE_STRIP = NO;
				DEBUG_INFORMATION_FORMAT = "dwarf-with-dsym";
				ENABLE_NS_ASSERTIONS = NO;
				ENABLE_STRICT_OBJC_MSGSEND = YES;
				ENABLE_USER_SCRIPT_SANDBOXING = YES;
				GCC_C_LANGUAGE_STANDARD = gnu17;
				GCC_NO_COMMON_BLOCKS = YES;
				GCC_WARN_64_TO_32_BIT_CONVERSION = YES;
				GCC_WARN_ABOUT_RETURN_TYPE = YES_ERROR;
				GCC_WARN_UNDECLARED_SELECTOR = YES;
				GCC_WARN_UNINITIALIZED_AUTOS = YES_AGGRESSIVE;
				GCC_WARN_UNUSED_FUNCTION = YES;
				GCC_WARN_UNUSED_VARIABLE = YES;
				IPHONEOS_DEPLOYMENT_TARGET = 17.2;
				LOCALIZATION_PREFERS_STRING_CATALOGS = YES;
				MTL_ENABLE_DEBUG_INFO = NO;
				MTL_FAST_MATH = YES;
				SDKROOT = iphoneos;
				SWIFT_COMPILATION_MODE = wholemodule;
				VALIDATE_PRODUCT = YES;
			};
			name = Release;
		};
		CEF6495C2B33C77900D06F08 /* Debug */ = {
			isa = XCBuildConfiguration;
			buildSettings = {
				ASSETCATALOG_COMPILER_APPICON_NAME = AppIcon;
				ASSETCATALOG_COMPILER_GLOBAL_ACCENT_COLOR_NAME = AccentColor;
				CODE_SIGN_ENTITLEMENTS = Landmarks/Landmarks.entitlements;
				CODE_SIGN_STYLE = Automatic;
				CURRENT_PROJECT_VERSION = 1;
				DEVELOPMENT_ASSET_PATHS = "\"Landmarks/Preview Content\"";
				ENABLE_PREVIEWS = YES;
				GENERATE_INFOPLIST_FILE = YES;
				INFOPLIST_FILE = Landmarks/Info.plist;
				INFOPLIST_KEY_UIApplicationSceneManifest_Generation = YES;
				INFOPLIST_KEY_UIApplicationSupportsIndirectInputEvents = YES;
				INFOPLIST_KEY_UILaunchScreen_Generation = YES;
				INFOPLIST_KEY_UISupportedInterfaceOrientations_iPad = "UIInterfaceOrientationPortrait UIInterfaceOrientationPortraitUpsideDown UIInterfaceOrientationLandscapeLeft UIInterfaceOrientationLandscapeRight";
				INFOPLIST_KEY_UISupportedInterfaceOrientations_iPhone = "UIInterfaceOrientationPortrait UIInterfaceOrientationLandscapeLeft UIInterfaceOrientationLandscapeRight";
				LD_RUNPATH_SEARCH_PATHS = (
					"$(inherited)",
					"@executable_path/Frameworks",
				);
				MARKETING_VERSION = 1.0;
				PRODUCT_BUNDLE_IDENTIFIER = Citieo.Landmarks;
				PRODUCT_NAME = "$(TARGET_NAME)";
				SWIFT_EMIT_LOC_STRINGS = YES;
				SWIFT_VERSION = 5.0;
				TARGETED_DEVICE_FAMILY = "1,2";
			};
			name = Debug;
		};
		CEF6495D2B33C77900D06F08 /* Release */ = {
			isa = XCBuildConfiguration;
			buildSettings = {
				ASSETCATALOG_COMPILER_APPICON_NAME = AppIcon;
				ASSETCATALOG_COMPILER_GLOBAL_ACCENT_COLOR_NAME = AccentColor;
				CODE_SIGN_ENTITLEMENTS = Landmarks/Landmarks.entitlements;
				CODE_SIGN_STYLE = Automatic;
				CURRENT_PROJECT_VERSION = 1;
				DEVELOPMENT_ASSET_PATHS = "\"Landmarks/Preview Content\"";
				ENABLE_PREVIEWS = YES;
				GENERATE_INFOPLIST_FILE = YES;
				INFOPLIST_FILE = Landmarks/Info.plist;
				INFOPLIST_KEY_UIApplicationSceneManifest_Generation = YES;
				INFOPLIST_KEY_UIApplicationSupportsIndirectInputEvents = YES;
				INFOPLIST_KEY_UILaunchScreen_Generation = YES;
				INFOPLIST_KEY_UISupportedInterfaceOrientations_iPad = "UIInterfaceOrientationPortrait UIInterfaceOrientationPortraitUpsideDown UIInterfaceOrientationLandscapeLeft UIInterfaceOrientationLandscapeRight";
				INFOPLIST_KEY_UISupportedInterfaceOrientations_iPhone = "UIInterfaceOrientationPortrait UIInterfaceOrientationLandscapeLeft UIInterfaceOrientationLandscapeRight";
				LD_RUNPATH_SEARCH_PATHS = (
					"$(inherited)",
					"@executable_path/Frameworks",
				);
				MARKETING_VERSION = 1.0;
				PRODUCT_BUNDLE_IDENTIFIER = Citieo.Landmarks;
				PRODUCT_NAME = "$(TARGET_NAME)";
				SWIFT_EMIT_LOC_STRINGS = YES;
				SWIFT_VERSION = 5.0;
				TARGETED_DEVICE_FAMILY = "1,2";
			};
			name = Release;
		};
		CEF6495F2B33C77900D06F08 /* Debug */ = {
			isa = XCBuildConfiguration;
			buildSettings = {
				ALWAYS_EMBED_SWIFT_STANDARD_LIBRARIES = YES;
				BUNDLE_LOADER = "$(TEST_HOST)";
				CODE_SIGN_STYLE = Automatic;
				CURRENT_PROJECT_VERSION = 1;
				GENERATE_INFOPLIST_FILE = YES;
				IPHONEOS_DEPLOYMENT_TARGET = 17.2;
				MARKETING_VERSION = 1.0;
				PRODUCT_BUNDLE_IDENTIFIER = Citieo.LandmarksTests;
				PRODUCT_NAME = "$(TARGET_NAME)";
				SWIFT_EMIT_LOC_STRINGS = NO;
				SWIFT_VERSION = 5.0;
				TARGETED_DEVICE_FAMILY = "1,2";
				TEST_HOST = "$(BUILT_PRODUCTS_DIR)/Landmarks.app/$(BUNDLE_EXECUTABLE_FOLDER_PATH)/Landmarks";
			};
			name = Debug;
		};
		CEF649602B33C77900D06F08 /* Release */ = {
			isa = XCBuildConfiguration;
			buildSettings = {
				ALWAYS_EMBED_SWIFT_STANDARD_LIBRARIES = YES;
				BUNDLE_LOADER = "$(TEST_HOST)";
				CODE_SIGN_STYLE = Automatic;
				CURRENT_PROJECT_VERSION = 1;
				GENERATE_INFOPLIST_FILE = YES;
				IPHONEOS_DEPLOYMENT_TARGET = 17.2;
				MARKETING_VERSION = 1.0;
				PRODUCT_BUNDLE_IDENTIFIER = Citieo.LandmarksTests;
				PRODUCT_NAME = "$(TARGET_NAME)";
				SWIFT_EMIT_LOC_STRINGS = NO;
				SWIFT_VERSION = 5.0;
				TARGETED_DEVICE_FAMILY = "1,2";
				TEST_HOST = "$(BUILT_PRODUCTS_DIR)/Landmarks.app/$(BUNDLE_EXECUTABLE_FOLDER_PATH)/Landmarks";
			};
			name = Release;
		};
		CEF649622B33C77900D06F08 /* Debug */ = {
			isa = XCBuildConfiguration;
			buildSettings = {
				ALWAYS_EMBED_SWIFT_STANDARD_LIBRARIES = YES;
				CODE_SIGN_STYLE = Automatic;
				CURRENT_PROJECT_VERSION = 1;
				GENERATE_INFOPLIST_FILE = YES;
				MARKETING_VERSION = 1.0;
				PRODUCT_BUNDLE_IDENTIFIER = Citieo.LandmarksUITests;
				PRODUCT_NAME = "$(TARGET_NAME)";
				SWIFT_EMIT_LOC_STRINGS = NO;
				SWIFT_VERSION = 5.0;
				TARGETED_DEVICE_FAMILY = "1,2";
				TEST_TARGET_NAME = Landmarks;
			};
			name = Debug;
		};
		CEF649632B33C77900D06F08 /* Release */ = {
			isa = XCBuildConfiguration;
			buildSettings = {
				ALWAYS_EMBED_SWIFT_STANDARD_LIBRARIES = YES;
				CODE_SIGN_STYLE = Automatic;
				CURRENT_PROJECT_VERSION = 1;
				GENERATE_INFOPLIST_FILE = YES;
				MARKETING_VERSION = 1.0;
				PRODUCT_BUNDLE_IDENTIFIER = Citieo.LandmarksUITests;
				PRODUCT_NAME = "$(TARGET_NAME)";
				SWIFT_EMIT_LOC_STRINGS = NO;
				SWIFT_VERSION = 5.0;
				TARGETED_DEVICE_FAMILY = "1,2";
				TEST_TARGET_NAME = Landmarks;
			};
			name = Release;
		};
/* End XCBuildConfiguration section */

/* Begin XCConfigurationList section */
		CEF6492E2B33C77800D06F08 /* Build configuration list for PBXProject "Landmarks" */ = {
			isa = XCConfigurationList;
			buildConfigurations = (
				CEF649592B33C77900D06F08 /* Debug */,
				CEF6495A2B33C77900D06F08 /* Release */,
			);
			defaultConfigurationIsVisible = 0;
			defaultConfigurationName = Release;
		};
		CEF6495B2B33C77900D06F08 /* Build configuration list for PBXNativeTarget "Landmarks" */ = {
			isa = XCConfigurationList;
			buildConfigurations = (
				CEF6495C2B33C77900D06F08 /* Debug */,
				CEF6495D2B33C77900D06F08 /* Release */,
			);
			defaultConfigurationIsVisible = 0;
			defaultConfigurationName = Release;
		};
		CEF6495E2B33C77900D06F08 /* Build configuration list for PBXNativeTarget "LandmarksTests" */ = {
			isa = XCConfigurationList;
			buildConfigurations = (
				CEF6495F2B33C77900D06F08 /* Debug */,
				CEF649602B33C77900D06F08 /* Release */,
			);
			defaultConfigurationIsVisible = 0;
			defaultConfigurationName = Release;
		};
		CEF649612B33C77900D06F08 /* Build configuration list for PBXNativeTarget "LandmarksUITests" */ = {
			isa = XCConfigurationList;
			buildConfigurations = (
				CEF649622B33C77900D06F08 /* Debug */,
				CEF649632B33C77900D06F08 /* Release */,
			);
			defaultConfigurationIsVisible = 0;
			defaultConfigurationName = Release;
		};
/* End XCConfigurationList section */
	};
	rootObject = CEF6492B2B33C77800D06F08 /* Project object */;
}
